<?xml version="1.0" encoding="utf-8"?>
<Project ToolsVersion="4.0" xmlns="http://schemas.microsoft.com/developer/msbuild/2003">
  <ItemGroup>
    <Filter Include="Arquivos de Origem">
      <UniqueIdentifier>{4FC737F1-C7A5-4376-A066-2A32D752A2FF}</UniqueIdentifier>
      <Extensions>cpp;c;cc;cxx;c++;cppm;ixx;def;odl;idl;hpj;bat;asm;asmx</Extensions>
    </Filter>
    <Filter Include="Arquivos de Cabeçalho">
      <UniqueIdentifier>{93995380-89BD-4b04-88EB-625FBE52EBFB}</UniqueIdentifier>
      <Extensions>h;hh;hpp;hxx;h++;hm;inl;inc;ipp;xsd</Extensions>
    </Filter>
    <Filter Include="Arquivos de Recurso">
      <UniqueIdentifier>{67DA6AB6-F800-4c08-8B7A-83BB121AAD01}</UniqueIdentifier>
      <Extensions>rc;ico;cur;bmp;dlg;rc2;rct;bin;rgs;gif;jpg;jpeg;jpe;resx;tiff;tif;png;wav;mfcribbon-ms</Extensions>
    </Filter>
  </ItemGroup>
  <ItemGroup>
    <ClCompile Include="main.cpp">
      <Filter>Arquivos de Origem</Filter>
    </ClCompile>
    <ClCompile Include="Systems\Memory\memory.cpp">
      <Filter>Arquivos de Origem</Filter>
    </ClCompile>
    <ClCompile Include="Systems\Utils\utils.cpp">
      <Filter>Arquivos de Origem</Filter>
    </ClCompile>
    <ClCompile Include="Modules\Triggers\Triggers.cpp">
      <Filter>Arquivos de Origem</Filter>
    </ClCompile>
    <ClCompile Include="Globals\Globals.cpp">
      <Filter>Arquivos de Origem</Filter>
    </ClCompile>
    <ClCompile Include="Systems\LogSystem\Log.cpp">
      <Filter>Arquivos de Origem</Filter>
    </ClCompile>
    <ClCompile Include="Systems\LogSystem\File\File.cpp">
      <Filter>Arquivos de Origem</Filter>
    </ClCompile>
    <ClCompile Include="Modules\Communication\Communication.cpp">
      <Filter>Arquivos de Origem</Filter>
    </ClCompile>
    <ClCompile Include="Systems\Utils\SHA1\sha1.cpp">
      <Filter>Arquivos de Origem</Filter>
    </ClCompile>
    <ClCompile Include="Systems\Monitoring\Monitoring.cpp">
      <Filter>Arquivos de Origem</Filter>
    </ClCompile>
    <ClCompile Include="Modules\Detections\Detections.cpp">
      <Filter>Arquivos de Origem</Filter>
    </ClCompile>
    <ClCompile Include="Systems\Utils\StringCrypt\StringCrypt.cpp">
      <Filter>Arquivos de Origem</Filter>
    </ClCompile>
    <ClCompile Include="Modules\ThreadMonitor\MonitorThread.cpp">
      <Filter>Arquivos de Origem</Filter>
    </ClCompile>
    <ClCompile Include="Systems\Injection\injector.cpp">
      <Filter>Arquivos de Origem</Filter>
    </ClCompile>
    <ClCompile Include="Systems\Utils\AES\AES.cpp">
      <Filter>Arquivos de Origem</Filter>
    </ClCompile>
    <ClCompile Include="Systems\Punishing\PunishSystem.cpp">
      <Filter>Arquivos de Origem</Filter>
    </ClCompile>
    <ClCompile Include="Systems\FileChecking\FileChecking.cpp">
      <Filter>Arquivos de Origem</Filter>
    </ClCompile>
    <ClCompile Include="Client\client.cpp">
      <Filter>Arquivos de Origem</Filter>
    </ClCompile>
    <ClCompile Include="Systems\Hardware\hardware.cpp">
      <Filter>Arquivos de Origem</Filter>
    </ClCompile>
  </ItemGroup>
  <ItemGroup>
    <ClInclude Include="Systems\Memory\memory.h">
      <Filter>Arquivos de Cabeçalho</Filter>
    </ClInclude>
    <ClInclude Include="Systems\Utils\singleton.h">
      <Filter>Arquivos de Cabeçalho</Filter>
    </ClInclude>
    <ClInclude Include="Systems\Utils\utils.h">
      <Filter>Arquivos de Cabeçalho</Filter>
    </ClInclude>
    <ClInclude Include="Modules\Triggers\Triggers.h">
      <Filter>Arquivos de Cabeçalho</Filter>
    </ClInclude>
    <ClInclude Include="Globals\Globals.h">
      <Filter>Arquivos de Cabeçalho</Filter>
    </ClInclude>
    <ClInclude Include="Systems\LogSystem\Log.h">
      <Filter>Arquivos de Cabeçalho</Filter>
    </ClInclude>
    <ClInclude Include="Systems\LogSystem\File\File.h">
      <Filter>Arquivos de Cabeçalho</Filter>
    </ClInclude>
    <ClInclude Include="Modules\Communication\Communication.h">
      <Filter>Arquivos de Cabeçalho</Filter>
    </ClInclude>
    <ClInclude Include="Systems\Utils\SHA1\sha1.h">
      <Filter>Arquivos de Cabeçalho</Filter>
    </ClInclude>
    <ClInclude Include="resource.h">
      <Filter>Arquivos de Cabeçalho</Filter>
    </ClInclude>
    <ClInclude Include="Systems\Monitoring\Monitoring.h">
      <Filter>Arquivos de Cabeçalho</Filter>
    </ClInclude>
    <ClInclude Include="Modules\Detections\Detections.h">
      <Filter>Arquivos de Cabeçalho</Filter>
    </ClInclude>
    <ClInclude Include="Systems\Utils\StringCrypt\StringCrypt.h">
      <Filter>Arquivos de Cabeçalho</Filter>
    </ClInclude>
    <ClInclude Include="Modules\ThreadMonitor\ThreadMonitor.h">
      <Filter>Arquivos de Cabeçalho</Filter>
    </ClInclude>
    <ClInclude Include="Modules\ThreadMonitor\MonitorThread.h">
      <Filter>Arquivos de Cabeçalho</Filter>
    </ClInclude>
    <ClInclude Include="Systems\Injection\Injection.h">
      <Filter>Arquivos de Cabeçalho</Filter>
    </ClInclude>
    <ClInclude Include="Systems\Injection\injector.h">
      <Filter>Arquivos de Cabeçalho</Filter>
    </ClInclude>
    <ClInclude Include="Systems\Utils\AES\AES.h">
      <Filter>Arquivos de Cabeçalho</Filter>
    </ClInclude>
    <ClInclude Include="Systems\Punishing\PunishSystem.h">
      <Filter>Arquivos de Cabeçalho</Filter>
    </ClInclude>
    <ClInclude Include="Systems\Utils\XorString\XorString.h">
      <Filter>Arquivos de Cabeçalho</Filter>
    </ClInclude>
    <ClInclude Include="Systems\FileChecking\FileChecking.h">
      <Filter>Arquivos de Cabeçalho</Filter>
    </ClInclude>
    <ClInclude Include="Systems\Utils\xorstr.h">
      <Filter>Arquivos de Cabeçalho</Filter>
    </ClInclude>
    <ClInclude Include="Client\client.h">
      <Filter>Arquivos de Cabeçalho</Filter>
    </ClInclude>
    <ClInclude Include="Systems\Hardware\hardware.h">
      <Filter>Arquivos de Cabeçalho</Filter>
    </ClInclude>
  </ItemGroup>
  <ItemGroup>
    <ResourceCompile Include="AntiCheat.rc">
      <Filter>Arquivos de Recurso</Filter>
    </ResourceCompile>
  </ItemGroup>
  <ItemGroup>
    <Image Include="x64\Release\Icon.ico">
      <Filter>Arquivos de Recurso</Filter>
    </Image>
  </ItemGroup>
</Project>