
Microsoft Visual Studio Solution File, Format Version 12.00
# Visual Studio Version 17
VisualStudioVersion = 17.10.35027.167
MinimumVisualStudioVersion = 10.0.40219.1
Project("{8BC9CEB8-8B4A-11D0-8D11-00A0C91BC942}") = "Aegis AntiCheat", "AntiCheat\AntiCheat.vcxproj", "{8FEB1442-4EE6-450C-88C8-1D9B402CD35A}"
EndProject
Project("{8BC9CEB8-8B4A-11D0-8D11-00A0C91BC942}") = "AntiCheatProtector", "AntiCheatProtector\AntiCheatProtector.vcxproj", "{33D4B0EC-EE53-4B68-A674-F6ED02EF6DEC}"
EndProject
Project("{8BC9CEB8-8B4A-11D0-8D11-00A0C91BC942}") = "ProcessDumper", "ProcessDumper\ProcessDumper.vcxproj", "{E704E47C-56B8-4D41-A895-E35400DCD2C2}"
EndProject
Project("{8BC9CEB8-8B4A-11D0-8D11-00A0C91BC942}") = "server", "server\server.vcxproj", "{CF6CC613-B847-4D74-82CE-D0D904D26D32}"
EndProject
Global
	GlobalSection(SolutionConfigurationPlatforms) = preSolution
		Debug|x64 = Debug|x64
		Debug|x86 = Debug|x86
		Release|x64 = Release|x64
		Release|x86 = Release|x86
	EndGlobalSection
	GlobalSection(ProjectConfigurationPlatforms) = postSolution
		{8FEB1442-4EE6-450C-88C8-1D9B402CD35A}.Debug|x64.ActiveCfg = Debug|x64
		{8FEB1442-4EE6-450C-88C8-1D9B402CD35A}.Debug|x64.Build.0 = Debug|x64
		{8FEB1442-4EE6-450C-88C8-1D9B402CD35A}.Debug|x86.ActiveCfg = Debug|Win32
		{8FEB1442-4EE6-450C-88C8-1D9B402CD35A}.Debug|x86.Build.0 = Debug|Win32
		{8FEB1442-4EE6-450C-88C8-1D9B402CD35A}.Release|x64.ActiveCfg = Release|x64
		{8FEB1442-4EE6-450C-88C8-1D9B402CD35A}.Release|x64.Build.0 = Release|x64
		{8FEB1442-4EE6-450C-88C8-1D9B402CD35A}.Release|x86.ActiveCfg = Release|Win32
		{8FEB1442-4EE6-450C-88C8-1D9B402CD35A}.Release|x86.Build.0 = Release|Win32
		{33D4B0EC-EE53-4B68-A674-F6ED02EF6DEC}.Debug|x64.ActiveCfg = Debug|x64
		{33D4B0EC-EE53-4B68-A674-F6ED02EF6DEC}.Debug|x64.Build.0 = Debug|x64
		{33D4B0EC-EE53-4B68-A674-F6ED02EF6DEC}.Debug|x86.ActiveCfg = Debug|Win32
		{33D4B0EC-EE53-4B68-A674-F6ED02EF6DEC}.Debug|x86.Build.0 = Debug|Win32
		{33D4B0EC-EE53-4B68-A674-F6ED02EF6DEC}.Release|x64.ActiveCfg = Release|x64
		{33D4B0EC-EE53-4B68-A674-F6ED02EF6DEC}.Release|x64.Build.0 = Release|x64
		{33D4B0EC-EE53-4B68-A674-F6ED02EF6DEC}.Release|x86.ActiveCfg = Release|Win32
		{33D4B0EC-EE53-4B68-A674-F6ED02EF6DEC}.Release|x86.Build.0 = Release|Win32
		{E704E47C-56B8-4D41-A895-E35400DCD2C2}.Debug|x64.ActiveCfg = Debug|x64
		{E704E47C-56B8-4D41-A895-E35400DCD2C2}.Debug|x64.Build.0 = Debug|x64
		{E704E47C-56B8-4D41-A895-E35400DCD2C2}.Debug|x86.ActiveCfg = Debug|Win32
		{E704E47C-56B8-4D41-A895-E35400DCD2C2}.Debug|x86.Build.0 = Debug|Win32
		{E704E47C-56B8-4D41-A895-E35400DCD2C2}.Release|x64.ActiveCfg = Release|x64
		{E704E47C-56B8-4D41-A895-E35400DCD2C2}.Release|x64.Build.0 = Release|x64
		{E704E47C-56B8-4D41-A895-E35400DCD2C2}.Release|x86.ActiveCfg = Release|Win32
		{E704E47C-56B8-4D41-A895-E35400DCD2C2}.Release|x86.Build.0 = Release|Win32
		{CF6CC613-B847-4D74-82CE-D0D904D26D32}.Debug|x64.ActiveCfg = Debug|x64
		{CF6CC613-B847-4D74-82CE-D0D904D26D32}.Debug|x64.Build.0 = Debug|x64
		{CF6CC613-B847-4D74-82CE-D0D904D26D32}.Debug|x86.ActiveCfg = Debug|Win32
		{CF6CC613-B847-4D74-82CE-D0D904D26D32}.Debug|x86.Build.0 = Debug|Win32
		{CF6CC613-B847-4D74-82CE-D0D904D26D32}.Release|x64.ActiveCfg = Release|x64
		{CF6CC613-B847-4D74-82CE-D0D904D26D32}.Release|x64.Build.0 = Release|x64
		{CF6CC613-B847-4D74-82CE-D0D904D26D32}.Release|x86.ActiveCfg = Release|Win32
		{CF6CC613-B847-4D74-82CE-D0D904D26D32}.Release|x86.Build.0 = Release|Win32
	EndGlobalSection
	GlobalSection(SolutionProperties) = preSolution
		HideSolutionNode = FALSE
	EndGlobalSection
	GlobalSection(ExtensibilityGlobals) = postSolution
		SolutionGuid = {0E9DEF63-A2BB-4B22-BAA0-4EFA5FD698A3}
	EndGlobalSection
EndGlobal
